
Microsoft Visual Studio Solution File, Format Version 12.00
# Visual Studio Version 17
VisualStudioVersion = 17.2.32630.192
MinimumVisualStudioVersion = 10.0.40219.1
Project("{FAE04EC0-301F-11D3-BF4B-00C04F79EFBC}") = "WebAPICore5", "WebAPICore5.csproj", "{21B73F2B-1A01-4DF1-85DB-0692E9259C33}"
EndProject
Global
	GlobalSection(SolutionConfigurationPlatforms) = preSolution
		Debug|Any CPU = Debug|Any CPU
		Release|Any CPU = Release|Any CPU
	EndGlobalSection
	GlobalSection(ProjectConfigurationPlatforms) = postSolution
		{21B73F2B-1A01-4DF1-85DB-0692E9259C33}.Debug|Any CPU.ActiveCfg = Debug|Any CPU
		{21B73F2B-1A01-4DF1-85DB-0692E9259C33}.Debug|Any CPU.Build.0 = Debug|Any CPU
		{21B73F2B-1A01-4DF1-85DB-0692E9259C33}.Release|Any CPU.ActiveCfg = Release|Any CPU
		{21B73F2B-1A01-4DF1-85DB-0692E9259C33}.Release|Any CPU.Build.0 = Release|Any CPU
	EndGlobalSection
	GlobalSection(SolutionProperties) = preSolution
		HideSolutionNode = FALSE
	EndGlobalSection
	GlobalSection(ExtensibilityGlobals) = postSolution
		SolutionGuid = {39996C7B-5EC3-4322-B185-A07A394B3F53}
	EndGlobalSection
EndGlobal
